{
  "lockfileVersion": 1,
  "configVersion": 1,
  "workspaces": {
    "": {
      "dependencies": {
        "lucide": "^0.575.0",
      },
    },
  },
  "packages": {
    "lucide": ["lucide@0.575.0", "", {}, "sha512-+xwqZpvrqPioU8bSH49zH2xARfnKyZgIjdnfbex0CrURB3q4wNFhinYN1Z9Q3lE16Q/6N9iEXnStvyS3c70RKw=="],
  }
}
